
Microsoft Visual Studio Solution File, Format Version 12.00
# Visual Studio Version 17
VisualStudioVersion = 17.11.35327.3
MinimumVisualStudioVersion = 10.0.40219.1
Project("{9A19103F-16F7-4668-BE54-9A1E7A4F7556}") = "SpendWise", "SpendWise.csproj", "{EA172A9B-14E4-4F20-826F-8969B6D8E9E8}"
EndProject
Project("{9A19103F-16F7-4668-BE54-9A1E7A4F7556}") = "SpendWiseTesting", "..\SpendWiseTesting\SpendWiseTesting.csproj", "{8F96BA12-4420-42D1-8AE0-071D6E4F3376}"
EndProject
Global
	GlobalSection(SolutionConfigurationPlatforms) = preSolution
		Debug|Any CPU = Debug|Any CPU
		Debug|x64 = Debug|x64
		Release|Any CPU = Release|Any CPU
		Release|x64 = Release|x64
	EndGlobalSection
	GlobalSection(ProjectConfigurationPlatforms) = postSolution
		{EA172A9B-14E4-4F20-826F-8969B6D8E9E8}.Debug|Any CPU.ActiveCfg = Debug|Any CPU
		{EA172A9B-14E4-4F20-826F-8969B6D8E9E8}.Debug|Any CPU.Build.0 = Debug|Any CPU
		{EA172A9B-14E4-4F20-826F-8969B6D8E9E8}.Debug|Any CPU.Deploy.0 = Debug|Any CPU
		{EA172A9B-14E4-4F20-826F-8969B6D8E9E8}.Debug|x64.ActiveCfg = Debug|x64
		{EA172A9B-14E4-4F20-826F-8969B6D8E9E8}.Debug|x64.Build.0 = Debug|x64
		{EA172A9B-14E4-4F20-826F-8969B6D8E9E8}.Debug|x64.Deploy.0 = Debug|x64
		{EA172A9B-14E4-4F20-826F-8969B6D8E9E8}.Release|Any CPU.ActiveCfg = Release|Any CPU
		{EA172A9B-14E4-4F20-826F-8969B6D8E9E8}.Release|Any CPU.Build.0 = Release|Any CPU
		{EA172A9B-14E4-4F20-826F-8969B6D8E9E8}.Release|Any CPU.Deploy.0 = Release|Any CPU
		{EA172A9B-14E4-4F20-826F-8969B6D8E9E8}.Release|x64.ActiveCfg = Release|x64
		{EA172A9B-14E4-4F20-826F-8969B6D8E9E8}.Release|x64.Build.0 = Release|x64
		{EA172A9B-14E4-4F20-826F-8969B6D8E9E8}.Release|x64.Deploy.0 = Release|x64
		{8F96BA12-4420-42D1-8AE0-071D6E4F3376}.Debug|Any CPU.ActiveCfg = Debug|Any CPU
		{8F96BA12-4420-42D1-8AE0-071D6E4F3376}.Debug|Any CPU.Build.0 = Debug|Any CPU
		{8F96BA12-4420-42D1-8AE0-071D6E4F3376}.Debug|x64.ActiveCfg = Debug|Any CPU
		{8F96BA12-4420-42D1-8AE0-071D6E4F3376}.Debug|x64.Build.0 = Debug|Any CPU
		{8F96BA12-4420-42D1-8AE0-071D6E4F3376}.Release|Any CPU.ActiveCfg = Release|Any CPU
		{8F96BA12-4420-42D1-8AE0-071D6E4F3376}.Release|Any CPU.Build.0 = Release|Any CPU
		{8F96BA12-4420-42D1-8AE0-071D6E4F3376}.Release|x64.ActiveCfg = Release|Any CPU
		{8F96BA12-4420-42D1-8AE0-071D6E4F3376}.Release|x64.Build.0 = Release|Any CPU
	EndGlobalSection
	GlobalSection(SolutionProperties) = preSolution
		HideSolutionNode = FALSE
	EndGlobalSection
	GlobalSection(ExtensibilityGlobals) = postSolution
		SolutionGuid = {7C7E6AF8-5AF4-4C24-BCEC-3DB451392087}
	EndGlobalSection
EndGlobal
